
Microsoft Visual Studio Solution File, Format Version 12.00
# Visual Studio Version 17
#
# This file was generated by MPC.  Any changes made directly to
# this file will be lost the next time it is generated.
#
# MPC Command:
# /c/Users/userGraceNguyen/Documents/MPC/mwc.pl -type vs2022
Project("{8BC9CEB8-8B4A-11D0-8D11-00A0C91BC942}") = "chess", "chess.vcxproj", "{10D1B48A-FECA-1BAD-E241-8A060000002E}"
EndProject
Global
	GlobalSection(SolutionConfigurationPlatforms) = preSolution
		Debug|ARM = Debug|ARM
		Debug|ARM64 = Debug|ARM64
		Debug|Win32 = Debug|Win32
		Debug|x64 = Debug|x64
		Release|ARM = Release|ARM
		Release|ARM64 = Release|ARM64
		Release|Win32 = Release|Win32
		Release|x64 = Release|x64
	EndGlobalSection
	GlobalSection(ProjectConfigurationPlatforms) = postSolution
		{10D1B48A-FECA-1BAD-E241-8A060000002E}.Debug|ARM.ActiveCfg = Debug|ARM
		{10D1B48A-FECA-1BAD-E241-8A060000002E}.Debug|ARM.Build.0 = Debug|ARM
		{10D1B48A-FECA-1BAD-E241-8A060000002E}.Debug|ARM.Deploy.0 = Debug|ARM
		{10D1B48A-FECA-1BAD-E241-8A060000002E}.Debug|ARM64.ActiveCfg = Debug|ARM64
		{10D1B48A-FECA-1BAD-E241-8A060000002E}.Debug|ARM64.Build.0 = Debug|ARM64
		{10D1B48A-FECA-1BAD-E241-8A060000002E}.Debug|ARM64.Deploy.0 = Debug|ARM64
		{10D1B48A-FECA-1BAD-E241-8A060000002E}.Debug|Win32.ActiveCfg = Debug|Win32
		{10D1B48A-FECA-1BAD-E241-8A060000002E}.Debug|Win32.Build.0 = Debug|Win32
		{10D1B48A-FECA-1BAD-E241-8A060000002E}.Debug|x64.ActiveCfg = Debug|x64
		{10D1B48A-FECA-1BAD-E241-8A060000002E}.Debug|x64.Build.0 = Debug|x64
		{10D1B48A-FECA-1BAD-E241-8A060000002E}.Release|ARM.ActiveCfg = Release|ARM
		{10D1B48A-FECA-1BAD-E241-8A060000002E}.Release|ARM.Build.0 = Release|ARM
		{10D1B48A-FECA-1BAD-E241-8A060000002E}.Release|ARM.Deploy.0 = Release|ARM
		{10D1B48A-FECA-1BAD-E241-8A060000002E}.Release|ARM64.ActiveCfg = Release|ARM64
		{10D1B48A-FECA-1BAD-E241-8A060000002E}.Release|ARM64.Build.0 = Release|ARM64
		{10D1B48A-FECA-1BAD-E241-8A060000002E}.Release|ARM64.Deploy.0 = Release|ARM64
		{10D1B48A-FECA-1BAD-E241-8A060000002E}.Release|Win32.ActiveCfg = Release|Win32
		{10D1B48A-FECA-1BAD-E241-8A060000002E}.Release|Win32.Build.0 = Release|Win32
		{10D1B48A-FECA-1BAD-E241-8A060000002E}.Release|x64.ActiveCfg = Release|x64
		{10D1B48A-FECA-1BAD-E241-8A060000002E}.Release|x64.Build.0 = Release|x64
	EndGlobalSection
	GlobalSection(SolutionProperties) = preSolution
		HideSolutionNode = FALSE
	EndGlobalSection
EndGlobal
